
Microsoft Visual Studio Solution File, Format Version 12.00
# Visual Studio 15
VisualStudioVersion = 15.0.27004.2008
MinimumVisualStudioVersion = 10.0.40219.1
Project("{FAE04EC0-301F-11D3-BF4B-00C04F79EFBC}") = "SocialAuth.Android", "SocialAuth\SocialAuth.Android\SocialAuth.Android.csproj", "{BDBAC22E-379B-4690-9206-3E9445E53A51}"
EndProject
Project("{FAE04EC0-301F-11D3-BF4B-00C04F79EFBC}") = "SocialAuth", "SocialAuth\SocialAuth\SocialAuth.csproj", "{3971E6D9-C300-4290-A0AB-195908E0975D}"
EndProject
Project("{FAE04EC0-301F-11D3-BF4B-00C04F79EFBC}") = "SocialAuth.UWP", "SocialAuth\SocialAuth.UWP\SocialAuth.UWP.csproj", "{D1AE155A-CF87-43C1-9798-FA5C43C73429}"
EndProject
Project("{FAE04EC0-301F-11D3-BF4B-00C04F79EFBC}") = "SocialAuth.iOS", "SocialAuth\SocialAuth.iOS\SocialAuth.iOS.csproj", "{26432C79-BB02-417E-A9E4-728F2D917F61}"
EndProject
Global
	GlobalSection(SolutionConfigurationPlatforms) = preSolution
		Ad-Hoc|Any CPU = Ad-Hoc|Any CPU
		Ad-Hoc|ARM = Ad-Hoc|ARM
		Ad-Hoc|iPhone = Ad-Hoc|iPhone
		Ad-Hoc|iPhoneSimulator = Ad-Hoc|iPhoneSimulator
		Ad-Hoc|x64 = Ad-Hoc|x64
		Ad-Hoc|x86 = Ad-Hoc|x86
		AppStore|Any CPU = AppStore|Any CPU
		AppStore|ARM = AppStore|ARM
		AppStore|iPhone = AppStore|iPhone
		AppStore|iPhoneSimulator = AppStore|iPhoneSimulator
		AppStore|x64 = AppStore|x64
		AppStore|x86 = AppStore|x86
		Debug|Any CPU = Debug|Any CPU
		Debug|ARM = Debug|ARM
		Debug|iPhone = Debug|iPhone
		Debug|iPhoneSimulator = Debug|iPhoneSimulator
		Debug|x64 = Debug|x64
		Debug|x86 = Debug|x86
		Release|Any CPU = Release|Any CPU
		Release|ARM = Release|ARM
		Release|iPhone = Release|iPhone
		Release|iPhoneSimulator = Release|iPhoneSimulator
		Release|x64 = Release|x64
		Release|x86 = Release|x86
	EndGlobalSection
	GlobalSection(ProjectConfigurationPlatforms) = postSolution
		{BDBAC22E-379B-4690-9206-3E9445E53A51}.Ad-Hoc|Any CPU.ActiveCfg = Release|Any CPU
		{BDBAC22E-379B-4690-9206-3E9445E53A51}.Ad-Hoc|Any CPU.Build.0 = Release|Any CPU
		{BDBAC22E-379B-4690-9206-3E9445E53A51}.Ad-Hoc|Any CPU.Deploy.0 = Release|Any CPU
		{BDBAC22E-379B-4690-9206-3E9445E53A51}.Ad-Hoc|ARM.ActiveCfg = Release|Any CPU
		{BDBAC22E-379B-4690-9206-3E9445E53A51}.Ad-Hoc|ARM.Build.0 = Release|Any CPU
		{BDBAC22E-379B-4690-9206-3E9445E53A51}.Ad-Hoc|ARM.Deploy.0 = Release|Any CPU
		{BDBAC22E-379B-4690-9206-3E9445E53A51}.Ad-Hoc|iPhone.ActiveCfg = Release|Any CPU
		{BDBAC22E-379B-4690-9206-3E9445E53A51}.Ad-Hoc|iPhone.Build.0 = Release|Any CPU
		{BDBAC22E-379B-4690-9206-3E9445E53A51}.Ad-Hoc|iPhone.Deploy.0 = Release|Any CPU
		{BDBAC22E-379B-4690-9206-3E9445E53A51}.Ad-Hoc|iPhoneSimulator.ActiveCfg = Release|Any CPU
		{BDBAC22E-379B-4690-9206-3E9445E53A51}.Ad-Hoc|iPhoneSimulator.Build.0 = Release|Any CPU
		{BDBAC22E-379B-4690-9206-3E9445E53A51}.Ad-Hoc|iPhoneSimulator.Deploy.0 = Release|Any CPU
		{BDBAC22E-379B-4690-9206-3E9445E53A51}.Ad-Hoc|x64.ActiveCfg = Release|Any CPU
		{BDBAC22E-379B-4690-9206-3E9445E53A51}.Ad-Hoc|x64.Build.0 = Release|Any CPU
		{BDBAC22E-379B-4690-9206-3E9445E53A51}.Ad-Hoc|x64.Deploy.0 = Release|Any CPU
		{BDBAC22E-379B-4690-9206-3E9445E53A51}.Ad-Hoc|x86.ActiveCfg = Release|Any CPU
		{BDBAC22E-379B-4690-9206-3E9445E53A51}.Ad-Hoc|x86.Build.0 = Release|Any CPU
		{BDBAC22E-379B-4690-9206-3E9445E53A51}.Ad-Hoc|x86.Deploy.0 = Release|Any CPU
		{BDBAC22E-379B-4690-9206-3E9445E53A51}.AppStore|Any CPU.ActiveCfg = Release|Any CPU
		{BDBAC22E-379B-4690-9206-3E9445E53A51}.AppStore|Any CPU.Build.0 = Release|Any CPU
		{BDBAC22E-379B-4690-9206-3E9445E53A51}.AppStore|Any CPU.Deploy.0 = Release|Any CPU
		{BDBAC22E-379B-4690-9206-3E9445E53A51}.AppStore|ARM.ActiveCfg = Release|Any CPU
		{BDBAC22E-379B-4690-9206-3E9445E53A51}.AppStore|ARM.Build.0 = Release|Any CPU
		{BDBAC22E-379B-4690-9206-3E9445E53A51}.AppStore|ARM.Deploy.0 = Release|Any CPU
		{BDBAC22E-379B-4690-9206-3E9445E53A51}.AppStore|iPhone.ActiveCfg = Release|Any CPU
		{BDBAC22E-379B-4690-9206-3E9445E53A51}.AppStore|iPhone.Build.0 = Release|Any CPU
		{BDBAC22E-379B-4690-9206-3E9445E53A51}.AppStore|iPhone.Deploy.0 = Release|Any CPU
		{BDBAC22E-379B-4690-9206-3E9445E53A51}.AppStore|iPhoneSimulator.ActiveCfg = Release|Any CPU
		{BDBAC22E-379B-4690-9206-3E9445E53A51}.AppStore|iPhoneSimulator.Build.0 = Release|Any CPU
		{BDBAC22E-379B-4690-9206-3E9445E53A51}.AppStore|iPhoneSimulator.Deploy.0 = Release|Any CPU
		{BDBAC22E-379B-4690-9206-3E9445E53A51}.AppStore|x64.ActiveCfg = Release|Any CPU
		{BDBAC22E-379B-4690-9206-3E9445E53A51}.AppStore|x64.Build.0 = Release|Any CPU
		{BDBAC22E-379B-4690-9206-3E9445E53A51}.AppStore|x64.Deploy.0 = Release|Any CPU
		{BDBAC22E-379B-4690-9206-3E9445E53A51}.AppStore|x86.ActiveCfg = Release|Any CPU
		{BDBAC22E-379B-4690-9206-3E9445E53A51}.AppStore|x86.Build.0 = Release|Any CPU
		{BDBAC22E-379B-4690-9206-3E9445E53A51}.AppStore|x86.Deploy.0 = Release|Any CPU
		{BDBAC22E-379B-4690-9206-3E9445E53A51}.Debug|Any CPU.ActiveCfg = Debug|Any CPU
		{BDBAC22E-379B-4690-9206-3E9445E53A51}.Debug|Any CPU.Build.0 = Debug|Any CPU
		{BDBAC22E-379B-4690-9206-3E9445E53A51}.Debug|Any CPU.Deploy.0 = Debug|Any CPU
		{BDBAC22E-379B-4690-9206-3E9445E53A51}.Debug|ARM.ActiveCfg = Debug|Any CPU
		{BDBAC22E-379B-4690-9206-3E9445E53A51}.Debug|ARM.Build.0 = Debug|Any CPU
		{BDBAC22E-379B-4690-9206-3E9445E53A51}.Debug|ARM.Deploy.0 = Debug|Any CPU
		{BDBAC22E-379B-4690-9206-3E9445E53A51}.Debug|iPhone.ActiveCfg = Debug|Any CPU
		{BDBAC22E-379B-4690-9206-3E9445E53A51}.Debug|iPhone.Build.0 = Debug|Any CPU
		{BDBAC22E-379B-4690-9206-3E9445E53A51}.Debug|iPhone.Deploy.0 = Debug|Any CPU
		{BDBAC22E-379B-4690-9206-3E9445E53A51}.Debug|iPhoneSimulator.ActiveCfg = Debug|Any CPU
		{BDBAC22E-379B-4690-9206-3E9445E53A51}.Debug|iPhoneSimulator.Build.0 = Debug|Any CPU
		{BDBAC22E-379B-4690-9206-3E9445E53A51}.Debug|iPhoneSimulator.Deploy.0 = Debug|Any CPU
		{BDBAC22E-379B-4690-9206-3E9445E53A51}.Debug|x64.ActiveCfg = Debug|Any CPU
		{BDBAC22E-379B-4690-9206-3E9445E53A51}.Debug|x64.Build.0 = Debug|Any CPU
		{BDBAC22E-379B-4690-9206-3E9445E53A51}.Debug|x64.Deploy.0 = Debug|Any CPU
		{BDBAC22E-379B-4690-9206-3E9445E53A51}.Debug|x86.ActiveCfg = Debug|Any CPU
		{BDBAC22E-379B-4690-9206-3E9445E53A51}.Debug|x86.Build.0 = Debug|Any CPU
		{BDBAC22E-379B-4690-9206-3E9445E53A51}.Debug|x86.Deploy.0 = Debug|Any CPU
		{BDBAC22E-379B-4690-9206-3E9445E53A51}.Release|Any CPU.ActiveCfg = Release|Any CPU
		{BDBAC22E-379B-4690-9206-3E9445E53A51}.Release|Any CPU.Build.0 = Release|Any CPU
		{BDBAC22E-379B-4690-9206-3E9445E53A51}.Release|Any CPU.Deploy.0 = Release|Any CPU
		{BDBAC22E-379B-4690-9206-3E9445E53A51}.Release|ARM.ActiveCfg = Release|Any CPU
		{BDBAC22E-379B-4690-9206-3E9445E53A51}.Release|ARM.Build.0 = Release|Any CPU
		{BDBAC22E-379B-4690-9206-3E9445E53A51}.Release|ARM.Deploy.0 = Release|Any CPU
		{BDBAC22E-379B-4690-9206-3E9445E53A51}.Release|iPhone.ActiveCfg = Release|Any CPU
		{BDBAC22E-379B-4690-9206-3E9445E53A51}.Release|iPhone.Build.0 = Release|Any CPU
		{BDBAC22E-379B-4690-9206-3E9445E53A51}.Release|iPhone.Deploy.0 = Release|Any CPU
		{BDBAC22E-379B-4690-9206-3E9445E53A51}.Release|iPhoneSimulator.ActiveCfg = Release|Any CPU
		{BDBAC22E-379B-4690-9206-3E9445E53A51}.Release|iPhoneSimulator.Build.0 = Release|Any CPU
		{BDBAC22E-379B-4690-9206-3E9445E53A51}.Release|iPhoneSimulator.Deploy.0 = Release|Any CPU
		{BDBAC22E-379B-4690-9206-3E9445E53A51}.Release|x64.ActiveCfg = Release|Any CPU
		{BDBAC22E-379B-4690-9206-3E9445E53A51}.Release|x64.Build.0 = Release|Any CPU
		{BDBAC22E-379B-4690-9206-3E9445E53A51}.Release|x64.Deploy.0 = Release|Any CPU
		{BDBAC22E-379B-4690-9206-3E9445E53A51}.Release|x86.ActiveCfg = Release|Any CPU
		{BDBAC22E-379B-4690-9206-3E9445E53A51}.Release|x86.Build.0 = Release|Any CPU
		{BDBAC22E-379B-4690-9206-3E9445E53A51}.Release|x86.Deploy.0 = Release|Any CPU
		{3971E6D9-C300-4290-A0AB-195908E0975D}.Ad-Hoc|Any CPU.ActiveCfg = Release|Any CPU
		{3971E6D9-C300-4290-A0AB-195908E0975D}.Ad-Hoc|Any CPU.Build.0 = Release|Any CPU
		{3971E6D9-C300-4290-A0AB-195908E0975D}.Ad-Hoc|ARM.ActiveCfg = Release|Any CPU
		{3971E6D9-C300-4290-A0AB-195908E0975D}.Ad-Hoc|ARM.Build.0 = Release|Any CPU
		{3971E6D9-C300-4290-A0AB-195908E0975D}.Ad-Hoc|iPhone.ActiveCfg = Release|Any CPU
		{3971E6D9-C300-4290-A0AB-195908E0975D}.Ad-Hoc|iPhone.Build.0 = Release|Any CPU
		{3971E6D9-C300-4290-A0AB-195908E0975D}.Ad-Hoc|iPhoneSimulator.ActiveCfg = Release|Any CPU
		{3971E6D9-C300-4290-A0AB-195908E0975D}.Ad-Hoc|iPhoneSimulator.Build.0 = Release|Any CPU
		{3971E6D9-C300-4290-A0AB-195908E0975D}.Ad-Hoc|x64.ActiveCfg = Release|Any CPU
		{3971E6D9-C300-4290-A0AB-195908E0975D}.Ad-Hoc|x64.Build.0 = Release|Any CPU
		{3971E6D9-C300-4290-A0AB-195908E0975D}.Ad-Hoc|x86.ActiveCfg = Release|Any CPU
		{3971E6D9-C300-4290-A0AB-195908E0975D}.Ad-Hoc|x86.Build.0 = Release|Any CPU
		{3971E6D9-C300-4290-A0AB-195908E0975D}.AppStore|Any CPU.ActiveCfg = Release|Any CPU
		{3971E6D9-C300-4290-A0AB-195908E0975D}.AppStore|Any CPU.Build.0 = Release|Any CPU
		{3971E6D9-C300-4290-A0AB-195908E0975D}.AppStore|ARM.ActiveCfg = Release|Any CPU
		{3971E6D9-C300-4290-A0AB-195908E0975D}.AppStore|ARM.Build.0 = Release|Any CPU
		{3971E6D9-C300-4290-A0AB-195908E0975D}.AppStore|iPhone.ActiveCfg = Release|Any CPU
		{3971E6D9-C300-4290-A0AB-195908E0975D}.AppStore|iPhone.Build.0 = Release|Any CPU
		{3971E6D9-C300-4290-A0AB-195908E0975D}.AppStore|iPhoneSimulator.ActiveCfg = Release|Any CPU
		{3971E6D9-C300-4290-A0AB-195908E0975D}.AppStore|iPhoneSimulator.Build.0 = Release|Any CPU
		{3971E6D9-C300-4290-A0AB-195908E0975D}.AppStore|x64.ActiveCfg = Release|Any CPU
		{3971E6D9-C300-4290-A0AB-195908E0975D}.AppStore|x64.Build.0 = Release|Any CPU
		{3971E6D9-C300-4290-A0AB-195908E0975D}.AppStore|x86.ActiveCfg = Release|Any CPU
		{3971E6D9-C300-4290-A0AB-195908E0975D}.AppStore|x86.Build.0 = Release|Any CPU
		{3971E6D9-C300-4290-A0AB-195908E0975D}.Debug|Any CPU.ActiveCfg = Debug|Any CPU
		{3971E6D9-C300-4290-A0AB-195908E0975D}.Debug|Any CPU.Build.0 = Debug|Any CPU
		{3971E6D9-C300-4290-A0AB-195908E0975D}.Debug|ARM.ActiveCfg = Debug|Any CPU
		{3971E6D9-C300-4290-A0AB-195908E0975D}.Debug|ARM.Build.0 = Debug|Any CPU
		{3971E6D9-C300-4290-A0AB-195908E0975D}.Debug|iPhone.ActiveCfg = Debug|Any CPU
		{3971E6D9-C300-4290-A0AB-195908E0975D}.Debug|iPhone.Build.0 = Debug|Any CPU
		{3971E6D9-C300-4290-A0AB-195908E0975D}.Debug|iPhoneSimulator.ActiveCfg = Debug|Any CPU
		{3971E6D9-C300-4290-A0AB-195908E0975D}.Debug|iPhoneSimulator.Build.0 = Debug|Any CPU
		{3971E6D9-C300-4290-A0AB-195908E0975D}.Debug|x64.ActiveCfg = Debug|Any CPU
		{3971E6D9-C300-4290-A0AB-195908E0975D}.Debug|x64.Build.0 = Debug|Any CPU
		{3971E6D9-C300-4290-A0AB-195908E0975D}.Debug|x86.ActiveCfg = Debug|Any CPU
		{3971E6D9-C300-4290-A0AB-195908E0975D}.Debug|x86.Build.0 = Debug|Any CPU
		{3971E6D9-C300-4290-A0AB-195908E0975D}.Release|Any CPU.ActiveCfg = Release|Any CPU
		{3971E6D9-C300-4290-A0AB-195908E0975D}.Release|Any CPU.Build.0 = Release|Any CPU
		{3971E6D9-C300-4290-A0AB-195908E0975D}.Release|ARM.ActiveCfg = Release|Any CPU
		{3971E6D9-C300-4290-A0AB-195908E0975D}.Release|ARM.Build.0 = Release|Any CPU
		{3971E6D9-C300-4290-A0AB-195908E0975D}.Release|iPhone.ActiveCfg = Release|Any CPU
		{3971E6D9-C300-4290-A0AB-195908E0975D}.Release|iPhone.Build.0 = Release|Any CPU
		{3971E6D9-C300-4290-A0AB-195908E0975D}.Release|iPhoneSimulator.ActiveCfg = Release|Any CPU
		{3971E6D9-C300-4290-A0AB-195908E0975D}.Release|iPhoneSimulator.Build.0 = Release|Any CPU
		{3971E6D9-C300-4290-A0AB-195908E0975D}.Release|x64.ActiveCfg = Release|Any CPU
		{3971E6D9-C300-4290-A0AB-195908E0975D}.Release|x64.Build.0 = Release|Any CPU
		{3971E6D9-C300-4290-A0AB-195908E0975D}.Release|x86.ActiveCfg = Release|Any CPU
		{3971E6D9-C300-4290-A0AB-195908E0975D}.Release|x86.Build.0 = Release|Any CPU
		{D1AE155A-CF87-43C1-9798-FA5C43C73429}.Ad-Hoc|Any CPU.ActiveCfg = Release|x86
		{D1AE155A-CF87-43C1-9798-FA5C43C73429}.Ad-Hoc|Any CPU.Build.0 = Release|x86
		{D1AE155A-CF87-43C1-9798-FA5C43C73429}.Ad-Hoc|Any CPU.Deploy.0 = Release|x86
		{D1AE155A-CF87-43C1-9798-FA5C43C73429}.Ad-Hoc|ARM.ActiveCfg = Release|ARM
		{D1AE155A-CF87-43C1-9798-FA5C43C73429}.Ad-Hoc|ARM.Build.0 = Release|ARM
		{D1AE155A-CF87-43C1-9798-FA5C43C73429}.Ad-Hoc|ARM.Deploy.0 = Release|ARM
		{D1AE155A-CF87-43C1-9798-FA5C43C73429}.Ad-Hoc|iPhone.ActiveCfg = Release|x86
		{D1AE155A-CF87-43C1-9798-FA5C43C73429}.Ad-Hoc|iPhone.Build.0 = Release|x86
		{D1AE155A-CF87-43C1-9798-FA5C43C73429}.Ad-Hoc|iPhone.Deploy.0 = Release|x86
		{D1AE155A-CF87-43C1-9798-FA5C43C73429}.Ad-Hoc|iPhoneSimulator.ActiveCfg = Release|x86
		{D1AE155A-CF87-43C1-9798-FA5C43C73429}.Ad-Hoc|iPhoneSimulator.Build.0 = Release|x86
		{D1AE155A-CF87-43C1-9798-FA5C43C73429}.Ad-Hoc|iPhoneSimulator.Deploy.0 = Release|x86
		{D1AE155A-CF87-43C1-9798-FA5C43C73429}.Ad-Hoc|x64.ActiveCfg = Release|x64
		{D1AE155A-CF87-43C1-9798-FA5C43C73429}.Ad-Hoc|x64.Build.0 = Release|x64
		{D1AE155A-CF87-43C1-9798-FA5C43C73429}.Ad-Hoc|x64.Deploy.0 = Release|x64
		{D1AE155A-CF87-43C1-9798-FA5C43C73429}.Ad-Hoc|x86.ActiveCfg = Release|x86
		{D1AE155A-CF87-43C1-9798-FA5C43C73429}.Ad-Hoc|x86.Build.0 = Release|x86
		{D1AE155A-CF87-43C1-9798-FA5C43C73429}.Ad-Hoc|x86.Deploy.0 = Release|x86
		{D1AE155A-CF87-43C1-9798-FA5C43C73429}.AppStore|Any CPU.ActiveCfg = Release|x86
		{D1AE155A-CF87-43C1-9798-FA5C43C73429}.AppStore|Any CPU.Build.0 = Release|x86
		{D1AE155A-CF87-43C1-9798-FA5C43C73429}.AppStore|Any CPU.Deploy.0 = Release|x86
		{D1AE155A-CF87-43C1-9798-FA5C43C73429}.AppStore|ARM.ActiveCfg = Release|ARM
		{D1AE155A-CF87-43C1-9798-FA5C43C73429}.AppStore|ARM.Build.0 = Release|ARM
		{D1AE155A-CF87-43C1-9798-FA5C43C73429}.AppStore|ARM.Deploy.0 = Release|ARM
		{D1AE155A-CF87-43C1-9798-FA5C43C73429}.AppStore|iPhone.ActiveCfg = Release|x86
		{D1AE155A-CF87-43C1-9798-FA5C43C73429}.AppStore|iPhone.Build.0 = Release|x86
		{D1AE155A-CF87-43C1-9798-FA5C43C73429}.AppStore|iPhone.Deploy.0 = Release|x86
		{D1AE155A-CF87-43C1-9798-FA5C43C73429}.AppStore|iPhoneSimulator.ActiveCfg = Release|x86
		{D1AE155A-CF87-43C1-9798-FA5C43C73429}.AppStore|iPhoneSimulator.Build.0 = Release|x86
		{D1AE155A-CF87-43C1-9798-FA5C43C73429}.AppStore|iPhoneSimulator.Deploy.0 = Release|x86
		{D1AE155A-CF87-43C1-9798-FA5C43C73429}.AppStore|x64.ActiveCfg = Release|x64
		{D1AE155A-CF87-43C1-9798-FA5C43C73429}.AppStore|x64.Build.0 = Release|x64
		{D1AE155A-CF87-43C1-9798-FA5C43C73429}.AppStore|x64.Deploy.0 = Release|x64
		{D1AE155A-CF87-43C1-9798-FA5C43C73429}.AppStore|x86.ActiveCfg = Release|x86
		{D1AE155A-CF87-43C1-9798-FA5C43C73429}.AppStore|x86.Build.0 = Release|x86
		{D1AE155A-CF87-43C1-9798-FA5C43C73429}.AppStore|x86.Deploy.0 = Release|x86
		{D1AE155A-CF87-43C1-9798-FA5C43C73429}.Debug|Any CPU.ActiveCfg = Debug|x86
		{D1AE155A-CF87-43C1-9798-FA5C43C73429}.Debug|ARM.ActiveCfg = Debug|ARM
		{D1AE155A-CF87-43C1-9798-FA5C43C73429}.Debug|ARM.Build.0 = Debug|ARM
		{D1AE155A-CF87-43C1-9798-FA5C43C73429}.Debug|ARM.Deploy.0 = Debug|ARM
		{D1AE155A-CF87-43C1-9798-FA5C43C73429}.Debug|iPhone.ActiveCfg = Debug|x86
		{D1AE155A-CF87-43C1-9798-FA5C43C73429}.Debug|iPhoneSimulator.ActiveCfg = Debug|x86
		{D1AE155A-CF87-43C1-9798-FA5C43C73429}.Debug|x64.ActiveCfg = Debug|x64
		{D1AE155A-CF87-43C1-9798-FA5C43C73429}.Debug|x64.Build.0 = Debug|x64
		{D1AE155A-CF87-43C1-9798-FA5C43C73429}.Debug|x64.Deploy.0 = Debug|x64
		{D1AE155A-CF87-43C1-9798-FA5C43C73429}.Debug|x86.ActiveCfg = Debug|x86
		{D1AE155A-CF87-43C1-9798-FA5C43C73429}.Debug|x86.Build.0 = Debug|x86
		{D1AE155A-CF87-43C1-9798-FA5C43C73429}.Debug|x86.Deploy.0 = Debug|x86
		{D1AE155A-CF87-43C1-9798-FA5C43C73429}.Release|Any CPU.ActiveCfg = Release|x86
		{D1AE155A-CF87-43C1-9798-FA5C43C73429}.Release|ARM.ActiveCfg = Release|ARM
		{D1AE155A-CF87-43C1-9798-FA5C43C73429}.Release|ARM.Build.0 = Release|ARM
		{D1AE155A-CF87-43C1-9798-FA5C43C73429}.Release|ARM.Deploy.0 = Release|ARM
		{D1AE155A-CF87-43C1-9798-FA5C43C73429}.Release|iPhone.ActiveCfg = Release|x86
		{D1AE155A-CF87-43C1-9798-FA5C43C73429}.Release|iPhoneSimulator.ActiveCfg = Release|x86
		{D1AE155A-CF87-43C1-9798-FA5C43C73429}.Release|x64.ActiveCfg = Release|x64
		{D1AE155A-CF87-43C1-9798-FA5C43C73429}.Release|x64.Build.0 = Release|x64
		{D1AE155A-CF87-43C1-9798-FA5C43C73429}.Release|x64.Deploy.0 = Release|x64
		{D1AE155A-CF87-43C1-9798-FA5C43C73429}.Release|x86.ActiveCfg = Release|x86
		{D1AE155A-CF87-43C1-9798-FA5C43C73429}.Release|x86.Build.0 = Release|x86
		{D1AE155A-CF87-43C1-9798-FA5C43C73429}.Release|x86.Deploy.0 = Release|x86
		{26432C79-BB02-417E-A9E4-728F2D917F61}.Ad-Hoc|Any CPU.ActiveCfg = Ad-Hoc|iPhoneSimulator
		{26432C79-BB02-417E-A9E4-728F2D917F61}.Ad-Hoc|ARM.ActiveCfg = Ad-Hoc|iPhone
		{26432C79-BB02-417E-A9E4-728F2D917F61}.Ad-Hoc|iPhone.ActiveCfg = Ad-Hoc|iPhone
		{26432C79-BB02-417E-A9E4-728F2D917F61}.Ad-Hoc|iPhone.Build.0 = Ad-Hoc|iPhone
		{26432C79-BB02-417E-A9E4-728F2D917F61}.Ad-Hoc|iPhoneSimulator.ActiveCfg = Ad-Hoc|iPhoneSimulator
		{26432C79-BB02-417E-A9E4-728F2D917F61}.Ad-Hoc|iPhoneSimulator.Build.0 = Ad-Hoc|iPhoneSimulator
		{26432C79-BB02-417E-A9E4-728F2D917F61}.Ad-Hoc|x64.ActiveCfg = Ad-Hoc|iPhone
		{26432C79-BB02-417E-A9E4-728F2D917F61}.Ad-Hoc|x86.ActiveCfg = Ad-Hoc|iPhone
		{26432C79-BB02-417E-A9E4-728F2D917F61}.AppStore|Any CPU.ActiveCfg = AppStore|iPhoneSimulator
		{26432C79-BB02-417E-A9E4-728F2D917F61}.AppStore|ARM.ActiveCfg = AppStore|iPhone
		{26432C79-BB02-417E-A9E4-728F2D917F61}.AppStore|iPhone.ActiveCfg = AppStore|iPhone
		{26432C79-BB02-417E-A9E4-728F2D917F61}.AppStore|iPhone.Build.0 = AppStore|iPhone
		{26432C79-BB02-417E-A9E4-728F2D917F61}.AppStore|iPhoneSimulator.ActiveCfg = AppStore|iPhoneSimulator
		{26432C79-BB02-417E-A9E4-728F2D917F61}.AppStore|iPhoneSimulator.Build.0 = AppStore|iPhoneSimulator
		{26432C79-BB02-417E-A9E4-728F2D917F61}.AppStore|x64.ActiveCfg = AppStore|iPhone
		{26432C79-BB02-417E-A9E4-728F2D917F61}.AppStore|x86.ActiveCfg = AppStore|iPhone
		{26432C79-BB02-417E-A9E4-728F2D917F61}.Debug|Any CPU.ActiveCfg = Debug|iPhoneSimulator
		{26432C79-BB02-417E-A9E4-728F2D917F61}.Debug|ARM.ActiveCfg = Debug|iPhone
		{26432C79-BB02-417E-A9E4-728F2D917F61}.Debug|iPhone.ActiveCfg = Debug|iPhone
		{26432C79-BB02-417E-A9E4-728F2D917F61}.Debug|iPhone.Build.0 = Debug|iPhone
		{26432C79-BB02-417E-A9E4-728F2D917F61}.Debug|iPhoneSimulator.ActiveCfg = Debug|iPhoneSimulator
		{26432C79-BB02-417E-A9E4-728F2D917F61}.Debug|iPhoneSimulator.Build.0 = Debug|iPhoneSimulator
		{26432C79-BB02-417E-A9E4-728F2D917F61}.Debug|x64.ActiveCfg = Debug|iPhone
		{26432C79-BB02-417E-A9E4-728F2D917F61}.Debug|x86.ActiveCfg = Debug|iPhone
		{26432C79-BB02-417E-A9E4-728F2D917F61}.Release|Any CPU.ActiveCfg = Release|iPhoneSimulator
		{26432C79-BB02-417E-A9E4-728F2D917F61}.Release|ARM.ActiveCfg = Release|iPhone
		{26432C79-BB02-417E-A9E4-728F2D917F61}.Release|iPhone.ActiveCfg = Release|iPhone
		{26432C79-BB02-417E-A9E4-728F2D917F61}.Release|iPhone.Build.0 = Release|iPhone
		{26432C79-BB02-417E-A9E4-728F2D917F61}.Release|iPhoneSimulator.ActiveCfg = Release|iPhoneSimulator
		{26432C79-BB02-417E-A9E4-728F2D917F61}.Release|iPhoneSimulator.Build.0 = Release|iPhoneSimulator
		{26432C79-BB02-417E-A9E4-728F2D917F61}.Release|x64.ActiveCfg = Release|iPhone
		{26432C79-BB02-417E-A9E4-728F2D917F61}.Release|x86.ActiveCfg = Release|iPhone
	EndGlobalSection
	GlobalSection(SolutionProperties) = preSolution
		HideSolutionNode = FALSE
	EndGlobalSection
	GlobalSection(ExtensibilityGlobals) = postSolution
		SolutionGuid = {71E6973E-5E7C-4108-8BF6-35ABA6EEA318}
	EndGlobalSection
EndGlobal
